// !$*UTF8*$!
{
	archiveVersion = 1;
	classes = {
	};
	objectVersion = 52;
	objects = {

/* Begin PBXBuildFile section */
		63B800C1BD6EB1AF57D02E08 /* Pods_MakeTableView.framework in Frameworks */ = {isa = PBXBuildFile; fileRef = 7A0CB9B80FCA1B1543AD63AF /* Pods_MakeTableView.framework */; };
		D1171D8924A5FF37005F7071 /* SceneDelegate.swift in Sources */ = {isa = PBXBuildFile; fileRef = D1C0419824A0E53A00FFC912 /* SceneDelegate.swift */; };
		D1171D8A24A5FF3C005F7071 /* AppDelegate.swift in Sources */ = {isa = PBXBuildFile; fileRef = D1C0419624A0E53A00FFC912 /* AppDelegate.swift */; };
		D1171D8B24A5FF43005F7071 /* ViewController.swift in Sources */ = {isa = PBXBuildFile; fileRef = D1C0419A24A0E53A00FFC912 /* ViewController.swift */; };
		D13C8E7524AF495A00AA16E0 /* GoogleService-Info.plist in Resources */ = {isa = PBXBuildFile; fileRef = D13C8E7424AF495A00AA16E0 /* GoogleService-Info.plist */; };
		D13C8E7924AF4A4E00AA16E0 /* Next.storyboard in Resources */ = {isa = PBXBuildFile; fileRef = D13C8E7824AF4A4E00AA16E0 /* Next.storyboard */; };
		D15DBE6524AB343A00B59197 /* CustomTableViewCell.swift in Sources */ = {isa = PBXBuildFile; fileRef = D15DBE6324AB343A00B59197 /* CustomTableViewCell.swift */; };
		D15DBE6624AB343A00B59197 /* CustomTableViewCell.xib in Resources */ = {isa = PBXBuildFile; fileRef = D15DBE6424AB343A00B59197 /* CustomTableViewCell.xib */; };
		D194041F24CC50D500A6B3CB /* FacebookShare in Frameworks */ = {isa = PBXBuildFile; productRef = D194041E24CC50D500A6B3CB /* FacebookShare */; };
		D194042124CC50D500A6B3CB /* FacebookCore in Frameworks */ = {isa = PBXBuildFile; productRef = D194042024CC50D500A6B3CB /* FacebookCore */; };
		D194042324CC50D500A6B3CB /* FacebookGamingServices in Frameworks */ = {isa = PBXBuildFile; productRef = D194042224CC50D500A6B3CB /* FacebookGamingServices */; };
		D194042524CC50D500A6B3CB /* FacebookLogin in Frameworks */ = {isa = PBXBuildFile; productRef = D194042424CC50D500A6B3CB /* FacebookLogin */; };
		D1A9739D24CD77A4001B78A7 /* ButtonViewController.swift in Sources */ = {isa = PBXBuildFile; fileRef = D1A9739C24CD77A4001B78A7 /* ButtonViewController.swift */; };
		D1AB7D0724A631A00061BB01 /* NextViewController.swift in Sources */ = {isa = PBXBuildFile; fileRef = D1AB7D0624A631A00061BB01 /* NextViewController.swift */; };
		D1AB7D0924A63F810061BB01 /* WebKit.framework in Frameworks */ = {isa = PBXBuildFile; fileRef = D1AB7D0824A63F810061BB01 /* WebKit.framework */; };
		D1B3D9D324B71265001FDFE2 /* QiitaAPI.swift in Sources */ = {isa = PBXBuildFile; fileRef = D1B3D9D224B71265001FDFE2 /* QiitaAPI.swift */; };
		D1B3D9DB24B71751001FDFE2 /* FetchQiitaArticleRequest.swift in Sources */ = {isa = PBXBuildFile; fileRef = D1B3D9DA24B71751001FDFE2 /* FetchQiitaArticleRequest.swift */; };
		D1B3D9E124B71838001FDFE2 /* Article.swift in Sources */ = {isa = PBXBuildFile; fileRef = D1B3D9E024B71838001FDFE2 /* Article.swift */; };
		D1B4D77724C0453E004A5C5C /* DecodableDataParser.swift in Sources */ = {isa = PBXBuildFile; fileRef = D1B4D77624C0453E004A5C5C /* DecodableDataParser.swift */; };
		D1C0419E24A0E53A00FFC912 /* Main.storyboard in Resources */ = {isa = PBXBuildFile; fileRef = D1C0419C24A0E53A00FFC912 /* Main.storyboard */; };
		D1C041A024A0E53D00FFC912 /* Assets.xcassets in Resources */ = {isa = PBXBuildFile; fileRef = D1C0419F24A0E53D00FFC912 /* Assets.xcassets */; };
		D1C041A324A0E53D00FFC912 /* LaunchScreen.storyboard in Resources */ = {isa = PBXBuildFile; fileRef = D1C041A124A0E53D00FFC912 /* LaunchScreen.storyboard */; };
		D1E063E424A0F04A00D0976C /* APIKit.framework in Frameworks */ = {isa = PBXBuildFile; fileRef = D1E063E324A0F04A00D0976C /* APIKit.framework */; };
		D1E063E524A0F04A00D0976C /* APIKit.framework in Embed Frameworks */ = {isa = PBXBuildFile; fileRef = D1E063E324A0F04A00D0976C /* APIKit.framework */; settings = {ATTRIBUTES = (CodeSignOnCopy, RemoveHeadersOnCopy, ); }; };
		D1E063E824A0F05400D0976C /* BrightFutures.framework in Frameworks */ = {isa = PBXBuildFile; fileRef = D1E063E724A0F05400D0976C /* BrightFutures.framework */; };
		D1E063E924A0F05400D0976C /* BrightFutures.framework in Embed Frameworks */ = {isa = PBXBuildFile; fileRef = D1E063E724A0F05400D0976C /* BrightFutures.framework */; settings = {ATTRIBUTES = (CodeSignOnCopy, RemoveHeadersOnCopy, ); }; };
		D1E063EB24A0F06300D0976C /* Kingfisher.framework in Frameworks */ = {isa = PBXBuildFile; fileRef = D1E063EA24A0F06300D0976C /* Kingfisher.framework */; };
		D1E063EC24A0F06300D0976C /* Kingfisher.framework in Embed Frameworks */ = {isa = PBXBuildFile; fileRef = D1E063EA24A0F06300D0976C /* Kingfisher.framework */; settings = {ATTRIBUTES = (CodeSignOnCopy, RemoveHeadersOnCopy, ); }; };
		D1E063EE24A0F07100D0976C /* KingfisherSwiftUI.framework in Frameworks */ = {isa = PBXBuildFile; fileRef = D1E063ED24A0F07100D0976C /* KingfisherSwiftUI.framework */; };
		D1E063EF24A0F07100D0976C /* KingfisherSwiftUI.framework in Embed Frameworks */ = {isa = PBXBuildFile; fileRef = D1E063ED24A0F07100D0976C /* KingfisherSwiftUI.framework */; settings = {ATTRIBUTES = (CodeSignOnCopy, RemoveHeadersOnCopy, ); }; };
/* End PBXBuildFile section */

/* Begin PBXCopyFilesBuildPhase section */
		D1E063E624A0F04A00D0976C /* Embed Frameworks */ = {
			isa = PBXCopyFilesBuildPhase;
			buildActionMask = 2147483647;
			dstPath = "";
			dstSubfolderSpec = 10;
			files = (
				D1E063EF24A0F07100D0976C /* KingfisherSwiftUI.framework in Embed Frameworks */,
				D1E063E524A0F04A00D0976C /* APIKit.framework in Embed Frameworks */,
				D1E063EC24A0F06300D0976C /* Kingfisher.framework in Embed Frameworks */,
				D1E063E924A0F05400D0976C /* BrightFutures.framework in Embed Frameworks */,
			);
			name = "Embed Frameworks";
			runOnlyForDeploymentPostprocessing = 0;
		};
/* End PBXCopyFilesBuildPhase section */

/* Begin PBXFileReference section */
		0298CD167B6002760447E16B /* Pods-MakeTableView.debug.xcconfig */ = {isa = PBXFileReference; includeInIndex = 1; lastKnownFileType = text.xcconfig; name = "Pods-MakeTableView.debug.xcconfig"; path = "Target Support Files/Pods-MakeTableView/Pods-MakeTableView.debug.xcconfig"; sourceTree = "<group>"; };
		7A0CB9B80FCA1B1543AD63AF /* Pods_MakeTableView.framework */ = {isa = PBXFileReference; explicitFileType = wrapper.framework; includeInIndex = 0; path = Pods_MakeTableView.framework; sourceTree = BUILT_PRODUCTS_DIR; };
		D13C8E7424AF495A00AA16E0 /* GoogleService-Info.plist */ = {isa = PBXFileReference; fileEncoding = 4; lastKnownFileType = text.plist.xml; path = "GoogleService-Info.plist"; sourceTree = "<group>"; };
		D13C8E7824AF4A4E00AA16E0 /* Next.storyboard */ = {isa = PBXFileReference; lastKnownFileType = file.storyboard; path = Next.storyboard; sourceTree = "<group>"; };
		D15DBE6324AB343A00B59197 /* CustomTableViewCell.swift */ = {isa = PBXFileReference; lastKnownFileType = sourcecode.swift; path = CustomTableViewCell.swift; sourceTree = "<group>"; };
		D15DBE6424AB343A00B59197 /* CustomTableViewCell.xib */ = {isa = PBXFileReference; lastKnownFileType = file.xib; path = CustomTableViewCell.xib; sourceTree = "<group>"; };
		D1A9739C24CD77A4001B78A7 /* ButtonViewController.swift */ = {isa = PBXFileReference; lastKnownFileType = sourcecode.swift; path = ButtonViewController.swift; sourceTree = "<group>"; };
		D1AB7D0624A631A00061BB01 /* NextViewController.swift */ = {isa = PBXFileReference; lastKnownFileType = sourcecode.swift; path = NextViewController.swift; sourceTree = "<group>"; };
		D1AB7D0824A63F810061BB01 /* WebKit.framework */ = {isa = PBXFileReference; lastKnownFileType = wrapper.framework; name = WebKit.framework; path = System/Library/Frameworks/WebKit.framework; sourceTree = SDKROOT; };
		D1B3D9D224B71265001FDFE2 /* QiitaAPI.swift */ = {isa = PBXFileReference; lastKnownFileType = sourcecode.swift; path = QiitaAPI.swift; sourceTree = "<group>"; };
		D1B3D9DA24B71751001FDFE2 /* FetchQiitaArticleRequest.swift */ = {isa = PBXFileReference; lastKnownFileType = sourcecode.swift; path = FetchQiitaArticleRequest.swift; sourceTree = "<group>"; };
		D1B3D9E024B71838001FDFE2 /* Article.swift */ = {isa = PBXFileReference; lastKnownFileType = sourcecode.swift; path = Article.swift; sourceTree = "<group>"; };
		D1B4D77624C0453E004A5C5C /* DecodableDataParser.swift */ = {isa = PBXFileReference; lastKnownFileType = sourcecode.swift; path = DecodableDataParser.swift; sourceTree = "<group>"; };
		D1C0419324A0E53A00FFC912 /* MakeTableView.app */ = {isa = PBXFileReference; explicitFileType = wrapper.application; includeInIndex = 0; path = MakeTableView.app; sourceTree = BUILT_PRODUCTS_DIR; };
		D1C0419624A0E53A00FFC912 /* AppDelegate.swift */ = {isa = PBXFileReference; lastKnownFileType = sourcecode.swift; path = AppDelegate.swift; sourceTree = "<group>"; };
		D1C0419824A0E53A00FFC912 /* SceneDelegate.swift */ = {isa = PBXFileReference; lastKnownFileType = sourcecode.swift; path = SceneDelegate.swift; sourceTree = "<group>"; };
		D1C0419A24A0E53A00FFC912 /* ViewController.swift */ = {isa = PBXFileReference; lastKnownFileType = sourcecode.swift; path = ViewController.swift; sourceTree = "<group>"; };
		D1C0419D24A0E53A00FFC912 /* Base */ = {isa = PBXFileReference; lastKnownFileType = file.storyboard; name = Base; path = Base.lproj/Main.storyboard; sourceTree = "<group>"; };
		D1C0419F24A0E53D00FFC912 /* Assets.xcassets */ = {isa = PBXFileReference; lastKnownFileType = folder.assetcatalog; path = Assets.xcassets; sourceTree = "<group>"; };
		D1C041A224A0E53D00FFC912 /* Base */ = {isa = PBXFileReference; lastKnownFileType = file.storyboard; name = Base; path = Base.lproj/LaunchScreen.storyboard; sourceTree = "<group>"; };
		D1C041A424A0E53D00FFC912 /* Info.plist */ = {isa = PBXFileReference; lastKnownFileType = text.plist.xml; path = Info.plist; sourceTree = "<group>"; };
		D1E063E324A0F04A00D0976C /* APIKit.framework */ = {isa = PBXFileReference; lastKnownFileType = wrapper.framework; name = APIKit.framework; path = Carthage/Build/iOS/APIKit.framework; sourceTree = "<group>"; };
		D1E063E724A0F05400D0976C /* BrightFutures.framework */ = {isa = PBXFileReference; lastKnownFileType = wrapper.framework; name = BrightFutures.framework; path = Carthage/Build/iOS/BrightFutures.framework; sourceTree = "<group>"; };
		D1E063EA24A0F06300D0976C /* Kingfisher.framework */ = {isa = PBXFileReference; lastKnownFileType = wrapper.framework; name = Kingfisher.framework; path = Carthage/Build/iOS/Kingfisher.framework; sourceTree = "<group>"; };
		D1E063ED24A0F07100D0976C /* KingfisherSwiftUI.framework */ = {isa = PBXFileReference; lastKnownFileType = wrapper.framework; name = KingfisherSwiftUI.framework; path = Carthage/Build/iOS/KingfisherSwiftUI.framework; sourceTree = "<group>"; };
		F0FFDA153D9900A576BC58B7 /* Pods-MakeTableView.release.xcconfig */ = {isa = PBXFileReference; includeInIndex = 1; lastKnownFileType = text.xcconfig; name = "Pods-MakeTableView.release.xcconfig"; path = "Target Support Files/Pods-MakeTableView/Pods-MakeTableView.release.xcconfig"; sourceTree = "<group>"; };
/* End PBXFileReference section */

/* Begin PBXFrameworksBuildPhase section */
		D1C0419024A0E53A00FFC912 /* Frameworks */ = {
			isa = PBXFrameworksBuildPhase;
			buildActionMask = 2147483647;
			files = (
				D194042524CC50D500A6B3CB /* FacebookLogin in Frameworks */,
				D194042324CC50D500A6B3CB /* FacebookGamingServices in Frameworks */,
				D1E063EE24A0F07100D0976C /* KingfisherSwiftUI.framework in Frameworks */,
				D1E063E424A0F04A00D0976C /* APIKit.framework in Frameworks */,
				D1AB7D0924A63F810061BB01 /* WebKit.framework in Frameworks */,
				D1E063EB24A0F06300D0976C /* Kingfisher.framework in Frameworks */,
				D1E063E824A0F05400D0976C /* BrightFutures.framework in Frameworks */,
				63B800C1BD6EB1AF57D02E08 /* Pods_MakeTableView.framework in Frameworks */,
				D194041F24CC50D500A6B3CB /* FacebookShare in Frameworks */,
				D194042124CC50D500A6B3CB /* FacebookCore in Frameworks */,
			);
			runOnlyForDeploymentPostprocessing = 0;
		};
/* End PBXFrameworksBuildPhase section */

/* Begin PBXGroup section */
		6C75C1088173FDFE811D720A /* Pods */ = {
			isa = PBXGroup;
			children = (
				0298CD167B6002760447E16B /* Pods-MakeTableView.debug.xcconfig */,
				F0FFDA153D9900A576BC58B7 /* Pods-MakeTableView.release.xcconfig */,
			);
			path = Pods;
			sourceTree = "<group>";
		};
		D15DBE6224AB33E900B59197 /* CustomTableViewCell */ = {
			isa = PBXGroup;
			children = (
				D15DBE6324AB343A00B59197 /* CustomTableViewCell.swift */,
				D15DBE6424AB343A00B59197 /* CustomTableViewCell.xib */,
			);
			path = CustomTableViewCell;
			sourceTree = "<group>";
		};
		D1B3D9D124B7122E001FDFE2 /* Protocols */ = {
			isa = PBXGroup;
			children = (
				D1B3D9D224B71265001FDFE2 /* QiitaAPI.swift */,
			);
			path = Protocols;
			sourceTree = "<group>";
		};
		D1B3D9D624B71633001FDFE2 /* API */ = {
			isa = PBXGroup;
			children = (
				D1B3D9D924B7171F001FDFE2 /* QiitaRequest */,
			);
			path = API;
			sourceTree = "<group>";
		};
		D1B3D9D924B7171F001FDFE2 /* QiitaRequest */ = {
			isa = PBXGroup;
			children = (
				D1B3D9DA24B71751001FDFE2 /* FetchQiitaArticleRequest.swift */,
			);
			path = QiitaRequest;
			sourceTree = "<group>";
		};
		D1B3D9DF24B71826001FDFE2 /* Model */ = {
			isa = PBXGroup;
			children = (
				D1B3D9E024B71838001FDFE2 /* Article.swift */,
			);
			path = Model;
			sourceTree = "<group>";
		};
		D1B4D77524C0450C004A5C5C /* Utits */ = {
			isa = PBXGroup;
			children = (
				D1B4D77624C0453E004A5C5C /* DecodableDataParser.swift */,
			);
			path = Utits;
			sourceTree = "<group>";
		};
		D1C0418A24A0E53A00FFC912 = {
			isa = PBXGroup;
			children = (
				D1C0419524A0E53A00FFC912 /* MakeTableView */,
				D1C0419424A0E53A00FFC912 /* Products */,
				D1E063E224A0F04A00D0976C /* Frameworks */,
				6C75C1088173FDFE811D720A /* Pods */,
			);
			sourceTree = "<group>";
		};
		D1C0419424A0E53A00FFC912 /* Products */ = {
			isa = PBXGroup;
			children = (
				D1C0419324A0E53A00FFC912 /* MakeTableView.app */,
			);
			name = Products;
			sourceTree = "<group>";
		};
		D1C0419524A0E53A00FFC912 /* MakeTableView */ = {
			isa = PBXGroup;
			children = (
				D1B4D77524C0450C004A5C5C /* Utits */,
				D1B3D9D124B7122E001FDFE2 /* Protocols */,
				D1B3D9DF24B71826001FDFE2 /* Model */,
				D1B3D9D624B71633001FDFE2 /* API */,
				D15DBE6224AB33E900B59197 /* CustomTableViewCell */,
				D1C0419824A0E53A00FFC912 /* SceneDelegate.swift */,
				D1C0419624A0E53A00FFC912 /* AppDelegate.swift */,
				D1C0419A24A0E53A00FFC912 /* ViewController.swift */,
				D13C8E7824AF4A4E00AA16E0 /* Next.storyboard */,
				D1C0419C24A0E53A00FFC912 /* Main.storyboard */,
				D1AB7D0624A631A00061BB01 /* NextViewController.swift */,
				D1C0419F24A0E53D00FFC912 /* Assets.xcassets */,
				D1C041A124A0E53D00FFC912 /* LaunchScreen.storyboard */,
				D1C041A424A0E53D00FFC912 /* Info.plist */,
				D13C8E7424AF495A00AA16E0 /* GoogleService-Info.plist */,
				D1A9739C24CD77A4001B78A7 /* ButtonViewController.swift */,
			);
			path = MakeTableView;
			sourceTree = "<group>";
		};
		D1E063E224A0F04A00D0976C /* Frameworks */ = {
			isa = PBXGroup;
			children = (
				D1AB7D0824A63F810061BB01 /* WebKit.framework */,
				D1E063ED24A0F07100D0976C /* KingfisherSwiftUI.framework */,
				D1E063EA24A0F06300D0976C /* Kingfisher.framework */,
				D1E063E724A0F05400D0976C /* BrightFutures.framework */,
				D1E063E324A0F04A00D0976C /* APIKit.framework */,
				7A0CB9B80FCA1B1543AD63AF /* Pods_MakeTableView.framework */,
			);
			name = Frameworks;
			sourceTree = "<group>";
		};
/* End PBXGroup section */

/* Begin PBXNativeTarget section */
		D1C0419224A0E53A00FFC912 /* MakeTableView */ = {
			isa = PBXNativeTarget;
			buildConfigurationList = D1C041A724A0E53D00FFC912 /* Build configuration list for PBXNativeTarget "MakeTableView" */;
			buildPhases = (
				07D3BF1DAE84FAC724B4CB39 /* [CP] Check Pods Manifest.lock */,
				D1C0418F24A0E53A00FFC912 /* Sources */,
				D1C0419024A0E53A00FFC912 /* Frameworks */,
				D1C0419124A0E53A00FFC912 /* Resources */,
				D1E063E624A0F04A00D0976C /* Embed Frameworks */,
				D1E063F024A0F0A400D0976C /* ShellScript */,
				378CDEE44F568F5919CAC224 /* [CP] Embed Pods Frameworks */,
				AFFE0DB5586DBB5DD2A678F5 /* [CP] Copy Pods Resources */,
			);
			buildRules = (
			);
			dependencies = (
			);
			name = MakeTableView;
			packageProductDependencies = (
				D194041E24CC50D500A6B3CB /* FacebookShare */,
				D194042024CC50D500A6B3CB /* FacebookCore */,
				D194042224CC50D500A6B3CB /* FacebookGamingServices */,
				D194042424CC50D500A6B3CB /* FacebookLogin */,
			);
			productName = MakeTableView;
			productReference = D1C0419324A0E53A00FFC912 /* MakeTableView.app */;
			productType = "com.apple.product-type.application";
		};
/* End PBXNativeTarget section */

/* Begin PBXProject section */
		D1C0418B24A0E53A00FFC912 /* Project object */ = {
			isa = PBXProject;
			attributes = {
				LastSwiftUpdateCheck = 1150;
				LastUpgradeCheck = 1150;
				ORGANIZATIONNAME = Manchen;
				TargetAttributes = {
					D1C0419224A0E53A00FFC912 = {
						CreatedOnToolsVersion = 11.5;
					};
				};
			};
			buildConfigurationList = D1C0418E24A0E53A00FFC912 /* Build configuration list for PBXProject "MakeTableView" */;
			compatibilityVersion = "Xcode 9.3";
			developmentRegion = en;
			hasScannedForEncodings = 0;
			knownRegions = (
				en,
				Base,
			);
			mainGroup = D1C0418A24A0E53A00FFC912;
			packageReferences = (
				D194041D24CC50D500A6B3CB /* XCRemoteSwiftPackageReference "facebook-ios-sdk" */,
			);
			productRefGroup = D1C0419424A0E53A00FFC912 /* Products */;
			projectDirPath = "";
			projectRoot = "";
			targets = (
				D1C0419224A0E53A00FFC912 /* MakeTableView */,
			);
		};
/* End PBXProject section */

/* Begin PBXResourcesBuildPhase section */
		D1C0419124A0E53A00FFC912 /* Resources */ = {
			isa = PBXResourcesBuildPhase;
			buildActionMask = 2147483647;
			files = (
				D1C041A324A0E53D00FFC912 /* LaunchScreen.storyboard in Resources */,
				D15DBE6624AB343A00B59197 /* CustomTableViewCell.xib in Resources */,
				D1C041A024A0E53D00FFC912 /* Assets.xcassets in Resources */,
				D13C8E7924AF4A4E00AA16E0 /* Next.storyboard in Resources */,
				D1C0419E24A0E53A00FFC912 /* Main.storyboard in Resources */,
				D13C8E7524AF495A00AA16E0 /* GoogleService-Info.plist in Resources */,
			);
			runOnlyForDeploymentPostprocessing = 0;
		};
/* End PBXResourcesBuildPhase section */

/* Begin PBXShellScriptBuildPhase section */
		07D3BF1DAE84FAC724B4CB39 /* [CP] Check Pods Manifest.lock */ = {
			isa = PBXShellScriptBuildPhase;
			buildActionMask = 2147483647;
			files = (
			);
			inputFileListPaths = (
			);
			inputPaths = (
				"${PODS_PODFILE_DIR_PATH}/Podfile.lock",
				"${PODS_ROOT}/Manifest.lock",
			);
			name = "[CP] Check Pods Manifest.lock";
			outputFileListPaths = (
			);
			outputPaths = (
				"$(DERIVED_FILE_DIR)/Pods-MakeTableView-checkManifestLockResult.txt",
			);
			runOnlyForDeploymentPostprocessing = 0;
			shellPath = /bin/sh;
			shellScript = "diff \"${PODS_PODFILE_DIR_PATH}/Podfile.lock\" \"${PODS_ROOT}/Manifest.lock\" > /dev/null\nif [ $? != 0 ] ; then\n    # print error to STDERR\n    echo \"error: The sandbox is not in sync with the Podfile.lock. Run 'pod install' or update your CocoaPods installation.\" >&2\n    exit 1\nfi\n# This output is used by Xcode 'outputs' to avoid re-running this script phase.\necho \"SUCCESS\" > \"${SCRIPT_OUTPUT_FILE_0}\"\n";
			showEnvVarsInLog = 0;
		};
		378CDEE44F568F5919CAC224 /* [CP] Embed Pods Frameworks */ = {
			isa = PBXShellScriptBuildPhase;
			buildActionMask = 2147483647;
			files = (
			);
			inputFileListPaths = (
				"${PODS_ROOT}/Target Support Files/Pods-MakeTableView/Pods-MakeTableView-frameworks-${CONFIGURATION}-input-files.xcfilelist",
			);
			name = "[CP] Embed Pods Frameworks";
			outputFileListPaths = (
				"${PODS_ROOT}/Target Support Files/Pods-MakeTableView/Pods-MakeTableView-frameworks-${CONFIGURATION}-output-files.xcfilelist",
			);
			runOnlyForDeploymentPostprocessing = 0;
			shellPath = /bin/sh;
			shellScript = "\"${PODS_ROOT}/Target Support Files/Pods-MakeTableView/Pods-MakeTableView-frameworks.sh\"\n";
			showEnvVarsInLog = 0;
		};
		AFFE0DB5586DBB5DD2A678F5 /* [CP] Copy Pods Resources */ = {
			isa = PBXShellScriptBuildPhase;
			buildActionMask = 2147483647;
			files = (
			);
			inputFileListPaths = (
				"${PODS_ROOT}/Target Support Files/Pods-MakeTableView/Pods-MakeTableView-resources-${CONFIGURATION}-input-files.xcfilelist",
			);
			name = "[CP] Copy Pods Resources";
			outputFileListPaths = (
				"${PODS_ROOT}/Target Support Files/Pods-MakeTableView/Pods-MakeTableView-resources-${CONFIGURATION}-output-files.xcfilelist",
			);
			runOnlyForDeploymentPostprocessing = 0;
			shellPath = /bin/sh;
			shellScript = "\"${PODS_ROOT}/Target Support Files/Pods-MakeTableView/Pods-MakeTableView-resources.sh\"\n";
			showEnvVarsInLog = 0;
		};
		D1E063F024A0F0A400D0976C /* ShellScript */ = {
			isa = PBXShellScriptBuildPhase;
			buildActionMask = 2147483647;
			files = (
			);
			inputFileListPaths = (
			);
			inputPaths = (
				"$(SRCROOT)/Carthage/Build/iOS/APIKit.framework",
				"$(SRCROOT)/Carthage/Build/iOS/BrightFutures.framework",
				"$(SRCROOT)/Carthage/Build/iOS/Kingfisher.framework",
				"$(SRCROOT)/Carthage/Build/iOS/KingfisherSwiftUI.framework",
			);
			outputFileListPaths = (
			);
			outputPaths = (
			);
			runOnlyForDeploymentPostprocessing = 0;
			shellPath = /bin/sh;
			shellScript = "# Type a script or drag a script file from your workspace to insert its path.\n/usr/local/bin/carthage copy-frameworks\n";
		};
/* End PBXShellScriptBuildPhase section */

/* Begin PBXSourcesBuildPhase section */
		D1C0418F24A0E53A00FFC912 /* Sources */ = {
			isa = PBXSourcesBuildPhase;
			buildActionMask = 2147483647;
			files = (
				D1171D8B24A5FF43005F7071 /* ViewController.swift in Sources */,
				D15DBE6524AB343A00B59197 /* CustomTableViewCell.swift in Sources */,
				D1B4D77724C0453E004A5C5C /* DecodableDataParser.swift in Sources */,
				D1AB7D0724A631A00061BB01 /* NextViewController.swift in Sources */,
				D1B3D9DB24B71751001FDFE2 /* FetchQiitaArticleRequest.swift in Sources */,
				D1B3D9E124B71838001FDFE2 /* Article.swift in Sources */,
				D1B3D9D324B71265001FDFE2 /* QiitaAPI.swift in Sources */,
				D1171D8A24A5FF3C005F7071 /* AppDelegate.swift in Sources */,
				D1A9739D24CD77A4001B78A7 /* ButtonViewController.swift in Sources */,
				D1171D8924A5FF37005F7071 /* SceneDelegate.swift in Sources */,
			);
			runOnlyForDeploymentPostprocessing = 0;
		};
/* End PBXSourcesBuildPhase section */

/* Begin PBXVariantGroup section */
		D1C0419C24A0E53A00FFC912 /* Main.storyboard */ = {
			isa = PBXVariantGroup;
			children = (
				D1C0419D24A0E53A00FFC912 /* Base */,
			);
			name = Main.storyboard;
			sourceTree = "<group>";
		};
		D1C041A124A0E53D00FFC912 /* LaunchScreen.storyboard */ = {
			isa = PBXVariantGroup;
			children = (
				D1C041A224A0E53D00FFC912 /* Base */,
			);
			name = LaunchScreen.storyboard;
			sourceTree = "<group>";
		};
/* End PBXVariantGroup section */

/* Begin XCBuildConfiguration section */
		D1C041A524A0E53D00FFC912 /* Debug */ = {
			isa = XCBuildConfiguration;
			buildSettings = {
				ALWAYS_SEARCH_USER_PATHS = NO;
				CLANG_ANALYZER_NONNULL = YES;
				CLANG_ANALYZER_NUMBER_OBJECT_CONVERSION = YES_AGGRESSIVE;
				CLANG_CXX_LANGUAGE_STANDARD = "gnu++14";
				CLANG_CXX_LIBRARY = "libc++";
				CLANG_ENABLE_MODULES = YES;
				CLANG_ENABLE_OBJC_ARC = YES;
				CLANG_ENABLE_OBJC_WEAK = YES;
				CLANG_WARN_BLOCK_CAPTURE_AUTORELEASING = YES;
				CLANG_WARN_BOOL_CONVERSION = YES;
				CLANG_WARN_COMMA = YES;
				CLANG_WARN_CONSTANT_CONVERSION = YES;
				CLANG_WARN_DEPRECATED_OBJC_IMPLEMENTATIONS = YES;
				CLANG_WARN_DIRECT_OBJC_ISA_USAGE = YES_ERROR;
				CLANG_WARN_DOCUMENTATION_COMMENTS = YES;
				CLANG_WARN_EMPTY_BODY = YES;
				CLANG_WARN_ENUM_CONVERSION = YES;
				CLANG_WARN_INFINITE_RECURSION = YES;
				CLANG_WARN_INT_CONVERSION = YES;
				CLANG_WARN_NON_LITERAL_NULL_CONVERSION = YES;
				CLANG_WARN_OBJC_IMPLICIT_RETAIN_SELF = YES;
				CLANG_WARN_OBJC_LITERAL_CONVERSION = YES;
				CLANG_WARN_OBJC_ROOT_CLASS = YES_ERROR;
				CLANG_WARN_RANGE_LOOP_ANALYSIS = YES;
				CLANG_WARN_STRICT_PROTOTYPES = YES;
				CLANG_WARN_SUSPICIOUS_MOVE = YES;
				CLANG_WARN_UNGUARDED_AVAILABILITY = YES_AGGRESSIVE;
				CLANG_WARN_UNREACHABLE_CODE = YES;
				CLANG_WARN__DUPLICATE_METHOD_MATCH = YES;
				COPY_PHASE_STRIP = NO;
				DEBUG_INFORMATION_FORMAT = dwarf;
				ENABLE_STRICT_OBJC_MSGSEND = YES;
				ENABLE_TESTABILITY = YES;
				GCC_C_LANGUAGE_STANDARD = gnu11;
				GCC_DYNAMIC_NO_PIC = NO;
				GCC_NO_COMMON_BLOCKS = YES;
				GCC_OPTIMIZATION_LEVEL = 0;
				GCC_PREPROCESSOR_DEFINITIONS = (
					"DEBUG=1",
					"$(inherited)",
				);
				GCC_WARN_64_TO_32_BIT_CONVERSION = YES;
				GCC_WARN_ABOUT_RETURN_TYPE = YES_ERROR;
				GCC_WARN_UNDECLARED_SELECTOR = YES;
				GCC_WARN_UNINITIALIZED_AUTOS = YES_AGGRESSIVE;
				GCC_WARN_UNUSED_FUNCTION = YES;
				GCC_WARN_UNUSED_VARIABLE = YES;
				IPHONEOS_DEPLOYMENT_TARGET = 13.5;
				MTL_ENABLE_DEBUG_INFO = INCLUDE_SOURCE;
				MTL_FAST_MATH = YES;
				ONLY_ACTIVE_ARCH = YES;
				SDKROOT = iphoneos;
				SWIFT_ACTIVE_COMPILATION_CONDITIONS = DEBUG;
				SWIFT_OPTIMIZATION_LEVEL = "-Onone";
			};
			name = Debug;
		};
		D1C041A624A0E53D00FFC912 /* Release */ = {
			isa = XCBuildConfiguration;
			buildSettings = {
				ALWAYS_SEARCH_USER_PATHS = NO;
				CLANG_ANALYZER_NONNULL = YES;
				CLANG_ANALYZER_NUMBER_OBJECT_CONVERSION = YES_AGGRESSIVE;
				CLANG_CXX_LANGUAGE_STANDARD = "gnu++14";
				CLANG_CXX_LIBRARY = "libc++";
				CLANG_ENABLE_MODULES = YES;
				CLANG_ENABLE_OBJC_ARC = YES;
				CLANG_ENABLE_OBJC_WEAK = YES;
				CLANG_WARN_BLOCK_CAPTURE_AUTORELEASING = YES;
				CLANG_WARN_BOOL_CONVERSION = YES;
				CLANG_WARN_COMMA = YES;
				CLANG_WARN_CONSTANT_CONVERSION = YES;
				CLANG_WARN_DEPRECATED_OBJC_IMPLEMENTATIONS = YES;
				CLANG_WARN_DIRECT_OBJC_ISA_USAGE = YES_ERROR;
				CLANG_WARN_DOCUMENTATION_COMMENTS = YES;
				CLANG_WARN_EMPTY_BODY = YES;
				CLANG_WARN_ENUM_CONVERSION = YES;
				CLANG_WARN_INFINITE_RECURSION = YES;
				CLANG_WARN_INT_CONVERSION = YES;
				CLANG_WARN_NON_LITERAL_NULL_CONVERSION = YES;
				CLANG_WARN_OBJC_IMPLICIT_RETAIN_SELF = YES;
				CLANG_WARN_OBJC_LITERAL_CONVERSION = YES;
				CLANG_WARN_OBJC_ROOT_CLASS = YES_ERROR;
				CLANG_WARN_RANGE_LOOP_ANALYSIS = YES;
				CLANG_WARN_STRICT_PROTOTYPES = YES;
				CLANG_WARN_SUSPICIOUS_MOVE = YES;
				CLANG_WARN_UNGUARDED_AVAILABILITY = YES_AGGRESSIVE;
				CLANG_WARN_UNREACHABLE_CODE = YES;
				CLANG_WARN__DUPLICATE_METHOD_MATCH = YES;
				COPY_PHASE_STRIP = NO;
				DEBUG_INFORMATION_FORMAT = "dwarf-with-dsym";
				ENABLE_NS_ASSERTIONS = NO;
				ENABLE_STRICT_OBJC_MSGSEND = YES;
				GCC_C_LANGUAGE_STANDARD = gnu11;
				GCC_NO_COMMON_BLOCKS = YES;
				GCC_WARN_64_TO_32_BIT_CONVERSION = YES;
				GCC_WARN_ABOUT_RETURN_TYPE = YES_ERROR;
				GCC_WARN_UNDECLARED_SELECTOR = YES;
				GCC_WARN_UNINITIALIZED_AUTOS = YES_AGGRESSIVE;
				GCC_WARN_UNUSED_FUNCTION = YES;
				GCC_WARN_UNUSED_VARIABLE = YES;
				IPHONEOS_DEPLOYMENT_TARGET = 13.5;
				MTL_ENABLE_DEBUG_INFO = NO;
				MTL_FAST_MATH = YES;
				SDKROOT = iphoneos;
				SWIFT_COMPILATION_MODE = wholemodule;
				SWIFT_OPTIMIZATION_LEVEL = "-O";
				VALIDATE_PRODUCT = YES;
			};
			name = Release;
		};
		D1C041A824A0E53D00FFC912 /* Debug */ = {
			isa = XCBuildConfiguration;
			baseConfigurationReference = 0298CD167B6002760447E16B /* Pods-MakeTableView.debug.xcconfig */;
			buildSettings = {
				ASSETCATALOG_COMPILER_APPICON_NAME = AppIcon;
				CODE_SIGN_STYLE = Automatic;
				DEVELOPMENT_TEAM = 6Q7A759C5Y;
				FRAMEWORK_SEARCH_PATHS = (
					"$(inherited)",
					"$(PROJECT_DIR)/Carthage/Build/iOS",
				);
				INFOPLIST_FILE = MakeTableView/Info.plist;
				LD_RUNPATH_SEARCH_PATHS = (
					"$(inherited)",
					"@executable_path/Frameworks",
				);
				PRODUCT_BUNDLE_IDENTIFIER = com.icloud.manten.jumper.MakeTableView;
				PRODUCT_NAME = "$(TARGET_NAME)";
				SWIFT_VERSION = 5.0;
				TARGETED_DEVICE_FAMILY = "1,2";
			};
			name = Debug;
		};
		D1C041A924A0E53D00FFC912 /* Release */ = {
			isa = XCBuildConfiguration;
			baseConfigurationReference = F0FFDA153D9900A576BC58B7 /* Pods-MakeTableView.release.xcconfig */;
			buildSettings = {
				ASSETCATALOG_COMPILER_APPICON_NAME = AppIcon;
				CODE_SIGN_STYLE = Automatic;
				DEVELOPMENT_TEAM = 6Q7A759C5Y;
				FRAMEWORK_SEARCH_PATHS = (
					"$(inherited)",
					"$(PROJECT_DIR)/Carthage/Build/iOS",
				);
				INFOPLIST_FILE = MakeTableView/Info.plist;
				LD_RUNPATH_SEARCH_PATHS = (
					"$(inherited)",
					"@executable_path/Frameworks",
				);
				PRODUCT_BUNDLE_IDENTIFIER = com.icloud.manten.jumper.MakeTableView;
				PRODUCT_NAME = "$(TARGET_NAME)";
				SWIFT_VERSION = 5.0;
				TARGETED_DEVICE_FAMILY = "1,2";
			};
			name = Release;
		};
/* End XCBuildConfiguration section */

/* Begin XCConfigurationList section */
		D1C0418E24A0E53A00FFC912 /* Build configuration list for PBXProject "MakeTableView" */ = {
			isa = XCConfigurationList;
			buildConfigurations = (
				D1C041A524A0E53D00FFC912 /* Debug */,
				D1C041A624A0E53D00FFC912 /* Release */,
			);
			defaultConfigurationIsVisible = 0;
			defaultConfigurationName = Release;
		};
		D1C041A724A0E53D00FFC912 /* Build configuration list for PBXNativeTarget "MakeTableView" */ = {
			isa = XCConfigurationList;
			buildConfigurations = (
				D1C041A824A0E53D00FFC912 /* Debug */,
				D1C041A924A0E53D00FFC912 /* Release */,
			);
			defaultConfigurationIsVisible = 0;
			defaultConfigurationName = Release;
		};
/* End XCConfigurationList section */

/* Begin XCRemoteSwiftPackageReference section */
		D194041D24CC50D500A6B3CB /* XCRemoteSwiftPackageReference "facebook-ios-sdk" */ = {
			isa = XCRemoteSwiftPackageReference;
			repositoryURL = "https://github.com/facebook/facebook-ios-sdk";
			requirement = {
				kind = upToNextMajorVersion;
				minimumVersion = 7.1.1;
			};
		};
/* End XCRemoteSwiftPackageReference section */

/* Begin XCSwiftPackageProductDependency section */
		D194041E24CC50D500A6B3CB /* FacebookShare */ = {
			isa = XCSwiftPackageProductDependency;
			package = D194041D24CC50D500A6B3CB /* XCRemoteSwiftPackageReference "facebook-ios-sdk" */;
			productName = FacebookShare;
		};
		D194042024CC50D500A6B3CB /* FacebookCore */ = {
			isa = XCSwiftPackageProductDependency;
			package = D194041D24CC50D500A6B3CB /* XCRemoteSwiftPackageReference "facebook-ios-sdk" */;
			productName = FacebookCore;
		};
		D194042224CC50D500A6B3CB /* FacebookGamingServices */ = {
			isa = XCSwiftPackageProductDependency;
			package = D194041D24CC50D500A6B3CB /* XCRemoteSwiftPackageReference "facebook-ios-sdk" */;
			productName = FacebookGamingServices;
		};
		D194042424CC50D500A6B3CB /* FacebookLogin */ = {
			isa = XCSwiftPackageProductDependency;
			package = D194041D24CC50D500A6B3CB /* XCRemoteSwiftPackageReference "facebook-ios-sdk" */;
			productName = FacebookLogin;
		};
/* End XCSwiftPackageProductDependency section */
	};
	rootObject = D1C0418B24A0E53A00FFC912 /* Project object */;
}
